github.com/davecgh/go-spew v1.1.1 h1:vj9j/u1bqnvCEfJOwUhtlOARqs3+rkHYY13jYWTU97c=
github.com/davecgh/go-spew v1.1.1/go.mod h1:J7Y8YcW2NihsgmVo/mv3lAwl/skON4iLHjSsI+c5H38=
github.com/google/go-cmp v0.6.0 h1:ofyhxvXcZhMsU5ulbFiLKl/XBFqE1GSq7atu8tAmTRI=
github.com/google/go-cmp v0.6.0/go.mod h1:17dUlkBOakJ0+DkrSSNjCkIjxS6bF9zb3elmeNGIjoY=
github.com/google/uuid v1.6.0 h1:NIvaJDMOsjHA8n1jAhLSgzrAzy1Hgr+hNrb57e+94F0=
github.com/google/uuid v1.6.0/go.mod h1:TIyPZe4MgqvfeYDBFedMoGGpEw/LqOeaOT+nhxU+yHo=
github.com/joho/godotenv v1.5.1 h1:7eLL/+HRGLY0ldzfGMeQkb7vMd0as4CfYvUVzLqw0N0=
github.com/joho/godotenv v1.5.1/go.mod h1:f4LDr5Voq0i2e/R5DDNOoa2zzDfwtkZa6DnEwAbqwq4=
github.com/patrickmn/go-cache v2.1.0+incompatible h1:HRMgzkcYKYpi3C8ajMPV8OFXaaRUnok+kx1WdO15EQc=
github.com/patrickmn/go-cache v2.1.0+incompatible/go.mod h1:3Qf8kWWT7OJRJbdiICTKqZju1ZixQ/KpMGzzAfe6+WQ=
github.com/pmezard/go-difflib v1.0.0 h1:4DBwDE0NGyQoBHbLQYPwSUPoCMWR5BEzIk/f1lZbAQM=
github.com/pmezard/go-difflib v1.0.0/go.mod h1:iKH77koFhYxTK1pcRnkKkqfTogsbg7gZNVY4sRDYZ/4=
github.com/stretchr/testify v1.9.0 h1:HtqpIVDClZ4nwg75+f6Lvsy/wHu+3BoSGCbBAcpTsTg=
github.com/stretchr/testify v1.9.0/go.mod h1:r2ic/lqez/lEtzL7wO/rwa5dbSLXVDPFyf8C91i36aY=
github.com/tommyhedley/quickbooks-go v0.0.0-20250213045445-94426646fab9 h1:KsQqTUKkrWBmo9uLGCoeOdbNyJcMcq5n+eLqypLXrrE=
github.com/tommyhedley/quickbooks-go v0.0.0-20250213045445-94426646fab9/go.mod h1:H04Cdk1jfW8uoartTbHeUDjLgQFrrAYtS2wsroIg2Ns=
github.com/tommyhedley/quickbooks-go v0.0.0-20250213052038-95589e949706 h1:QiDfQhc8b2Ho1PvtmItNUSKCy4qNFYE5dv5A2JXQXMc=
github.com/tommyhedley/quickbooks-go v0.0.0-20250213052038-95589e949706/go.mod h1:H04Cdk1jfW8uoartTbHeUDjLgQFrrAYtS2wsroIg2Ns=
github.com/tommyhedley/quickbooks-go v0.0.0-20250213155934-0497d49715af h1:GYKtmJi++1rsaqDmR/6ky+kQLlto9mepjE03Z+1ExJE=
github.com/tommyhedley/quickbooks-go v0.0.0-20250213155934-0497d49715af/go.mod h1:H04Cdk1jfW8uoartTbHeUDjLgQFrrAYtS2wsroIg2Ns=
github.com/tommyhedley/quickbooks-go v0.0.0-20250213162155-acb2b2e8bbe4 h1:WtYYvXkCYuc5t0iAlT+VIwyQjtd8cT0qDAShEQ/WGBU=
github.com/tommyhedley/quickbooks-go v0.0.0-20250213162155-acb2b2e8bbe4/go.mod h1:H04Cdk1jfW8uoartTbHeUDjLgQFrrAYtS2wsroIg2Ns=
github.com/tommyhedley/quickbooks-go v0.0.0-20250216215834-2551a75fff06 h1:bRzh6akNID8P2H3cauHtza0H4/Qrt0VOhP0zkDMWxsc=
github.com/tommyhedley/quickbooks-go v0.0.0-20250216215834-2551a75fff06/go.mod h1:njE+j/q9EjCObXrXZmCkE9TQ/t4WsSiXvXR9Y/1yf8k=
github.com/tommyhedley/quickbooks-go v0.0.0-20250216232700-5a5d9d5220de h1:mJ563kFpgb7BhXVOfIB1mzTOPpa0DVS3T99AKaDc8Dk=
github.com/tommyhedley/quickbooks-go v0.0.0-20250216232700-5a5d9d5220de/go.mod h1:njE+j/q9EjCObXrXZmCkE9TQ/t4WsSiXvXR9Y/1yf8k=
github.com/tommyhedley/quickbooks-go v0.0.0-20250217002142-ccf5fa71d39b h1:CR+Knf1dtpTZW4gOfOjvaMaH9GJqdjGv8KmUaP4sC9I=
github.com/tommyhedley/quickbooks-go v0.0.0-20250217002142-ccf5fa71d39b/go.mod h1:njE+j/q9EjCObXrXZmCkE9TQ/t4WsSiXvXR9Y/1yf8k=
github.com/tommyhedley/quickbooks-go v0.0.0-20250217023801-32ca969f480c h1:07omIawEwb/oUUmI8jUf1j1+9uy7zZ/Xf1rAwCSd2Xk=
github.com/tommyhedley/quickbooks-go v0.0.0-20250217023801-32ca969f480c/go.mod h1:njE+j/q9EjCObXrXZmCkE9TQ/t4WsSiXvXR9Y/1yf8k=
github.com/tommyhedley/quickbooks-go v0.0.0-20250220231413-a68149d66bb1 h1:EqrCcqQ2e8U+yfu7LsvxrmE4fU+eWES88gIc+ptQ4vs=
github.com/tommyhedley/quickbooks-go v0.0.0-20250220231413-a68149d66bb1/go.mod h1:njE+j/q9EjCObXrXZmCkE9TQ/t4WsSiXvXR9Y/1yf8k=
github.com/tommyhedley/quickbooks-go v0.0.0-20250220231659-819b0f07e02d h1:2AVGHjg3/94ixzoLJNA8VFOIBsA62C2gIke5XKf6scs=
github.com/tommyhedley/quickbooks-go v0.0.0-20250220231659-819b0f07e02d/go.mod h1:njE+j/q9EjCObXrXZmCkE9TQ/t4WsSiXvXR9Y/1yf8k=
github.com/tommyhedley/quickbooks-go v0.0.0-20250220232405-7b99df359878 h1:6J1tFAFpn5utYr143bZKtBCWOwgV+z0rU+I4jEGgmQ8=
github.com/tommyhedley/quickbooks-go v0.0.0-20250220232405-7b99df359878/go.mod h1:njE+j/q9EjCObXrXZmCkE9TQ/t4WsSiXvXR9Y/1yf8k=
github.com/tommyhedley/quickbooks-go v0.0.0-20250220235559-78b191841619 h1:PlnatYb4cIuj3IJKKWJEzMaiIg5AfZV8seDEYIGBGSw=
github.com/tommyhedley/quickbooks-go v0.0.0-20250220235559-78b191841619/go.mod h1:njE+j/q9EjCObXrXZmCkE9TQ/t4WsSiXvXR9Y/1yf8k=
github.com/tommyhedley/quickbooks-go v0.0.0-20250221170715-c4dc6d9708e6 h1:hX2loWJvwYm0BL2Twugzq0pdR2VSltJvRiwqTY5Ge40=
github.com/tommyhedley/quickbooks-go v0.0.0-20250221170715-c4dc6d9708e6/go.mod h1:njE+j/q9EjCObXrXZmCkE9TQ/t4WsSiXvXR9Y/1yf8k=
github.com/tommyhedley/quickbooks-go v0.0.0-20250221173610-0ebc46e1cbd0 h1:uyB90EJt866DxootQh2LC9Q6VXROSP4lTAi2CCpkHSU=
github.com/tommyhedley/quickbooks-go v0.0.0-20250221173610-0ebc46e1cbd0/go.mod h1:njE+j/q9EjCObXrXZmCkE9TQ/t4WsSiXvXR9Y/1yf8k=
github.com/tommyhedley/quickbooks-go v0.0.0-20250223034700-bd83eec9e044 h1:WUVSkHBNJQ/v4a4/nmAR9q005LO9vnGEcEI4dvPuiNA=
github.com/tommyhedley/quickbooks-go v0.0.0-20250223034700-bd83eec9e044/go.mod h1:njE+j/q9EjCObXrXZmCkE9TQ/t4WsSiXvXR9Y/1yf8k=
github.com/tommyhedley/quickbooks-go v0.0.0-20250223071031-3b6d1684bfa7 h1:CS1ixlM94FBoExY25pF0p24/y+cIPRGFwBa8M7bh65s=
github.com/tommyhedley/quickbooks-go v0.0.0-20250223071031-3b6d1684bfa7/go.mod h1:njE+j/q9EjCObXrXZmCkE9TQ/t4WsSiXvXR9Y/1yf8k=
github.com/tommyhedley/quickbooks-go v0.0.0-20250224020015-df6d9d5697d9 h1:/CPrvbROOvN7Ml4i6CNaTMRhRL/LVbeKC9IHC+czivo=
github.com/tommyhedley/quickbooks-go v0.0.0-20250224020015-df6d9d5697d9/go.mod h1:NbeRp2lBAPUzGAzavVTuB0ReSmL7cTCkj8JwrH+tsRY=
github.com/tommyhedley/quickbooks-go v0.0.0-20250224060537-781a46bbcf60 h1:EQ7WE8u1wIISAVFRZEaTbe7GpRhkmXtQu8joZURm63s=
github.com/tommyhedley/quickbooks-go v0.0.0-20250224060537-781a46bbcf60/go.mod h1:NbeRp2lBAPUzGAzavVTuB0ReSmL7cTCkj8JwrH+tsRY=
github.com/tommyhedley/quickbooks-go v0.0.0-20250224061659-bd97a96c2653 h1:tKd3gyFalmY4jhsjasUY1Sdg7d/dz34cF3zMk6kI858=
github.com/tommyhedley/quickbooks-go v0.0.0-20250224061659-bd97a96c2653/go.mod h1:NbeRp2lBAPUzGAzavVTuB0ReSmL7cTCkj8JwrH+tsRY=
golang.org/x/oauth2 v0.24.0 h1:KTBBxWqUa0ykRPLtV69rRto9TLXcqYkeswu48x/gvNE=
golang.org/x/oauth2 v0.24.0/go.mod h1:XYTD2NtWslqkgxebSiOHnXEap4TF09sJSc7H1sXbhtI=
golang.org/x/sync v0.10.0 h1:3NQrjDixjgGwUOCaF8w2+VYHv0Ve/vGYSbdkTa98gmQ=
golang.org/x/sync v0.10.0/go.mod h1:Czt+wKu1gCyEFDUtn0jG5QVvpJ6rzVqr5aXyt9drQfk=
golang.org/x/time v0.10.0 h1:3usCWA8tQn0L8+hFJQNgzpWbd89begxN66o1Ojdn5L4=
golang.org/x/time v0.10.0/go.mod h1:3BpzKBy/shNhVucY/MWOyx10tF3SFh9QdLuxbVysPQM=
gopkg.in/guregu/null.v4 v4.0.0 h1:1Wm3S1WEA2I26Kq+6vcW+w0gcDo44YKYD7YIEJNHDjg=
gopkg.in/guregu/null.v4 v4.0.0/go.mod h1:YoQhUrADuG3i9WqesrCmpNRwm1ypAgSHYqoOcTu/JrI=
gopkg.in/yaml.v3 v3.0.1 h1:fxVm/GzAzEWqLHuvctI91KS9hhNmmWOoWu0XTYJS7CA=
gopkg.in/yaml.v3 v3.0.1/go.mod h1:K4uyk7z7BCEPqu6E+C64Yfv1cQ7kz7rIZviUmN+EgEM=
